// !$*UTF8*$!
{
	archiveVersion = 1;
	classes = {
	};
	objectVersion = 46;
	objects = {

/* Begin PBXBuildFile section */
		FF3913231DD8548D00C37CFE /* AppDelegate.swift in Sources */ = {isa = PBXBuildFile; fileRef = FF3913221DD8548D00C37CFE /* AppDelegate.swift */; };
		FF3913251DD8548D00C37CFE /* ViewController.swift in Sources */ = {isa = PBXBuildFile; fileRef = FF3913241DD8548D00C37CFE /* ViewController.swift */; };
		FF3913281DD8548D00C37CFE /* Main.storyboard in Resources */ = {isa = PBXBuildFile; fileRef = FF3913261DD8548D00C37CFE /* Main.storyboard */; };
		FF39132A1DD8548D00C37CFE /* Assets.xcassets in Resources */ = {isa = PBXBuildFile; fileRef = FF3913291DD8548D00C37CFE /* Assets.xcassets */; };
		FF39132D1DD8548D00C37CFE /* LaunchScreen.storyboard in Resources */ = {isa = PBXBuildFile; fileRef = FF39132B1DD8548D00C37CFE /* LaunchScreen.storyboard */; };
/* End PBXBuildFile section */

/* Begin PBXFileReference section */
		FF39131F1DD8548D00C37CFE /* 1-TimerKullanimi.app */ = {isa = PBXFileReference; explicitFileType = wrapper.application; includeInIndex = 0; path = "1-TimerKullanimi.app"; sourceTree = BUILT_PRODUCTS_DIR; };
		FF3913221DD8548D00C37CFE /* AppDelegate.swift */ = {isa = PBXFileReference; lastKnownFileType = sourcecode.swift; path = AppDelegate.swift; sourceTree = "<group>"; };
		FF3913241DD8548D00C37CFE /* ViewController.swift */ = {isa = PBXFileReference; lastKnownFileType = sourcecode.swift; path = ViewController.swift; sourceTree = "<group>"; };
		FF3913271DD8548D00C37CFE /* Base */ = {isa = PBXFileReference; lastKnownFileType = file.storyboard; name = Base; path = Base.lproj/Main.storyboard; sourceTree = "<group>"; };
		FF3913291DD8548D00C37CFE /* Assets.xcassets */ = {isa = PBXFileReference; lastKnownFileType = folder.assetcatalog; path = Assets.xcassets; sourceTree = "<group>"; };
		FF39132C1DD8548D00C37CFE /* Base */ = {isa = PBXFileReference; lastKnownFileType = file.storyboard; name = Base; path = Base.lproj/LaunchScreen.storyboard; sourceTree = "<group>"; };
		FF39132E1DD8548D00C37CFE /* Info.plist */ = {isa = PBXFileReference; lastKnownFileType = text.plist.xml; path = Info.plist; sourceTree = "<group>"; };
/* End PBXFileReference section */

/* Begin PBXFrameworksBuildPhase section */
		FF39131C1DD8548C00C37CFE /* Frameworks */ = {
			isa = PBXFrameworksBuildPhase;
			buildActionMask = 2147483647;
			files = (
			);
			runOnlyForDeploymentPostprocessing = 0;
		};
/* End PBXFrameworksBuildPhase section */

/* Begin PBXGroup section */
		FF3913161DD8548C00C37CFE = {
			isa = PBXGroup;
			children = (
				FF3913211DD8548D00C37CFE /* 1-TimerKullanimi */,
				FF3913201DD8548D00C37CFE /* Products */,
			);
			sourceTree = "<group>";
		};
		FF3913201DD8548D00C37CFE /* Products */ = {
			isa = PBXGroup;
			children = (
				FF39131F1DD8548D00C37CFE /* 1-TimerKullanimi.app */,
			);
			name = Products;
			sourceTree = "<group>";
		};
		FF3913211DD8548D00C37CFE /* 1-TimerKullanimi */ = {
			isa = PBXGroup;
			children = (
				FF3913221DD8548D00C37CFE /* AppDelegate.swift */,
				FF3913241DD8548D00C37CFE /* ViewController.swift */,
				FF3913261DD8548D00C37CFE /* Main.storyboard */,
				FF3913291DD8548D00C37CFE /* Assets.xcassets */,
				FF39132B1DD8548D00C37CFE /* LaunchScreen.storyboard */,
				FF39132E1DD8548D00C37CFE /* Info.plist */,
			);
			path = "1-TimerKullanimi";
			sourceTree = "<group>";
		};
/* End PBXGroup section */

/* Begin PBXNativeTarget section */
		FF39131E1DD8548C00C37CFE /* 1-TimerKullanimi */ = {
			isa = PBXNativeTarget;
			buildConfigurationList = FF3913311DD8548D00C37CFE /* Build configuration list for PBXNativeTarget "1-TimerKullanimi" */;
			buildPhases = (
				FF39131B1DD8548C00C37CFE /* Sources */,
				FF39131C1DD8548C00C37CFE /* Frameworks */,
				FF39131D1DD8548C00C37CFE /* Resources */,
			);
			buildRules = (
			);
			dependencies = (
			);
			name = "1-TimerKullanimi";
			productName = "1-TimerKullanimi";
			productReference = FF39131F1DD8548D00C37CFE /* 1-TimerKullanimi.app */;
			productType = "com.apple.product-type.application";
		};
/* End PBXNativeTarget section */

/* Begin PBXProject section */
		FF3913171DD8548C00C37CFE /* Project object */ = {
			isa = PBXProject;
			attributes = {
				LastSwiftUpdateCheck = 0810;
				LastUpgradeCheck = 0810;
				ORGANIZATIONNAME = Hakan;
				TargetAttributes = {
					FF39131E1DD8548C00C37CFE = {
						CreatedOnToolsVersion = 8.1;
						ProvisioningStyle = Automatic;
					};
				};
			};
			buildConfigurationList = FF39131A1DD8548C00C37CFE /* Build configuration list for PBXProject "1-TimerKullanimi" */;
			compatibilityVersion = "Xcode 3.2";
			developmentRegion = English;
			hasScannedForEncodings = 0;
			knownRegions = (
				en,
				Base,
			);
			mainGroup = FF3913161DD8548C00C37CFE;
			productRefGroup = FF3913201DD8548D00C37CFE /* Products */;
			projectDirPath = "";
			projectRoot = "";
			targets = (
				FF39131E1DD8548C00C37CFE /* 1-TimerKullanimi */,
			);
		};
/* End PBXProject section */

/* Begin PBXResourcesBuildPhase section */
		FF39131D1DD8548C00C37CFE /* Resources */ = {
			isa = PBXResourcesBuildPhase;
			buildActionMask = 2147483647;
			files = (
				FF39132D1DD8548D00C37CFE /* LaunchScreen.storyboard in Resources */,
				FF39132A1DD8548D00C37CFE /* Assets.xcassets in Resources */,
				FF3913281DD8548D00C37CFE /* Main.storyboard in Resources */,
			);
			runOnlyForDeploymentPostprocessing = 0;
		};
/* End PBXResourcesBuildPhase section */

/* Begin PBXSourcesBuildPhase section */
		FF39131B1DD8548C00C37CFE /* Sources */ = {
			isa = PBXSourcesBuildPhase;
			buildActionMask = 2147483647;
			files = (
				FF3913251DD8548D00C37CFE /* ViewController.swift in Sources */,
				FF3913231DD8548D00C37CFE /* AppDelegate.swift in Sources */,
			);
			runOnlyForDeploymentPostprocessing = 0;
		};
/* End PBXSourcesBuildPhase section */

/* Begin PBXVariantGroup section */
		FF3913261DD8548D00C37CFE /* Main.storyboard */ = {
			isa = PBXVariantGroup;
			children = (
				FF3913271DD8548D00C37CFE /* Base */,
			);
			name = Main.storyboard;
			sourceTree = "<group>";
		};
		FF39132B1DD8548D00C37CFE /* LaunchScreen.storyboard */ = {
			isa = PBXVariantGroup;
			children = (
				FF39132C1DD8548D00C37CFE /* Base */,
			);
			name = LaunchScreen.storyboard;
			sourceTree = "<group>";
		};
/* End PBXVariantGroup section */

/* Begin XCBuildConfiguration section */
		FF39132F1DD8548D00C37CFE /* Debug */ = {
			isa = XCBuildConfiguration;
			buildSettings = {
				ALWAYS_SEARCH_USER_PATHS = NO;
				CLANG_ANALYZER_NONNULL = YES;
				CLANG_CXX_LANGUAGE_STANDARD = "gnu++0x";
				CLANG_CXX_LIBRARY = "libc++";
				CLANG_ENABLE_MODULES = YES;
				CLANG_ENABLE_OBJC_ARC = YES;
				CLANG_WARN_BOOL_CONVERSION = YES;
				CLANG_WARN_CONSTANT_CONVERSION = YES;
				CLANG_WARN_DIRECT_OBJC_ISA_USAGE = YES_ERROR;
				CLANG_WARN_DOCUMENTATION_COMMENTS = YES;
				CLANG_WARN_EMPTY_BODY = YES;
				CLANG_WARN_ENUM_CONVERSION = YES;
				CLANG_WARN_INFINITE_RECURSION = YES;
				CLANG_WARN_INT_CONVERSION = YES;
				CLANG_WARN_OBJC_ROOT_CLASS = YES_ERROR;
				CLANG_WARN_SUSPICIOUS_MOVES = YES;
				CLANG_WARN_UNREACHABLE_CODE = YES;
				CLANG_WARN__DUPLICATE_METHOD_MATCH = YES;
				"CODE_SIGN_IDENTITY[sdk=iphoneos*]" = "iPhone Developer";
				COPY_PHASE_STRIP = NO;
				DEBUG_INFORMATION_FORMAT = dwarf;
				ENABLE_STRICT_OBJC_MSGSEND = YES;
				ENABLE_TESTABILITY = YES;
				GCC_C_LANGUAGE_STANDARD = gnu99;
				GCC_DYNAMIC_NO_PIC = NO;
				GCC_NO_COMMON_BLOCKS = YES;
				GCC_OPTIMIZATION_LEVEL = 0;
				GCC_PREPROCESSOR_DEFINITIONS = (
					"DEBUG=1",
					"$(inherited)",
				);
				GCC_WARN_64_TO_32_BIT_CONVERSION = YES;
				GCC_WARN_ABOUT_RETURN_TYPE = YES_ERROR;
				GCC_WARN_UNDECLARED_SELECTOR = YES;
				GCC_WARN_UNINITIALIZED_AUTOS = YES_AGGRESSIVE;
				GCC_WARN_UNUSED_FUNCTION = YES;
				GCC_WARN_UNUSED_VARIABLE = YES;
				IPHONEOS_DEPLOYMENT_TARGET = 10.1;
				MTL_ENABLE_DEBUG_INFO = YES;
				ONLY_ACTIVE_ARCH = YES;
				SDKROOT = iphoneos;
				SWIFT_ACTIVE_COMPILATION_CONDITIONS = DEBUG;
				SWIFT_OPTIMIZATION_LEVEL = "-Onone";
			};
			name = Debug;
		};
		FF3913301DD8548D00C37CFE /* Release */ = {
			isa = XCBuildConfiguration;
			buildSettings = {
				ALWAYS_SEARCH_USER_PATHS = NO;
				CLANG_ANALYZER_NONNULL = YES;
				CLANG_CXX_LANGUAGE_STANDARD = "gnu++0x";
				CLANG_CXX_LIBRARY = "libc++";
				CLANG_ENABLE_MODULES = YES;
				CLANG_ENABLE_OBJC_ARC = YES;
				CLANG_WARN_BOOL_CONVERSION = YES;
				CLANG_WARN_CONSTANT_CONVERSION = YES;
				CLANG_WARN_DIRECT_OBJC_ISA_USAGE = YES_ERROR;
				CLANG_WARN_DOCUMENTATION_COMMENTS = YES;
				CLANG_WARN_EMPTY_BODY = YES;
				CLANG_WARN_ENUM_CONVERSION = YES;
				CLANG_WARN_INFINITE_RECURSION = YES;
				CLANG_WARN_INT_CONVERSION = YES;
				CLANG_WARN_OBJC_ROOT_CLASS = YES_ERROR;
				CLANG_WARN_SUSPICIOUS_MOVES = YES;
				CLANG_WARN_UNREACHABLE_CODE = YES;
				CLANG_WARN__DUPLICATE_METHOD_MATCH = YES;
				"CODE_SIGN_IDENTITY[sdk=iphoneos*]" = "iPhone Developer";
				COPY_PHASE_STRIP = NO;
				DEBUG_INFORMATION_FORMAT = "dwarf-with-dsym";
				ENABLE_NS_ASSERTIONS = NO;
				ENABLE_STRICT_OBJC_MSGSEND = YES;
				GCC_C_LANGUAGE_STANDARD = gnu99;
				GCC_NO_COMMON_BLOCKS = YES;
				GCC_WARN_64_TO_32_BIT_CONVERSION = YES;
				GCC_WARN_ABOUT_RETURN_TYPE = YES_ERROR;
				GCC_WARN_UNDECLARED_SELECTOR = YES;
				GCC_WARN_UNINITIALIZED_AUTOS = YES_AGGRESSIVE;
				GCC_WARN_UNUSED_FUNCTION = YES;
				GCC_WARN_UNUSED_VARIABLE = YES;
				IPHONEOS_DEPLOYMENT_TARGET = 10.1;
				MTL_ENABLE_DEBUG_INFO = NO;
				SDKROOT = iphoneos;
				SWIFT_OPTIMIZATION_LEVEL = "-Owholemodule";
				VALIDATE_PRODUCT = YES;
			};
			name = Release;
		};
		FF3913321DD8548D00C37CFE /* Debug */ = {
			isa = XCBuildConfiguration;
			buildSettings = {
				ASSETCATALOG_COMPILER_APPICON_NAME = AppIcon;
				INFOPLIST_FILE = "1-TimerKullanimi/Info.plist";
				LD_RUNPATH_SEARCH_PATHS = "$(inherited) @executable_path/Frameworks";
				PRODUCT_BUNDLE_IDENTIFIER = "com.hakan.--TimerKullanimi";
				PRODUCT_NAME = "$(TARGET_NAME)";
				SWIFT_VERSION = 3.0;
			};
			name = Debug;
		};
		FF3913331DD8548D00C37CFE /* Release */ = {
			isa = XCBuildConfiguration;
			buildSettings = {
				ASSETCATALOG_COMPILER_APPICON_NAME = AppIcon;
				INFOPLIST_FILE = "1-TimerKullanimi/Info.plist";
				LD_RUNPATH_SEARCH_PATHS = "$(inherited) @executable_path/Frameworks";
				PRODUCT_BUNDLE_IDENTIFIER = "com.hakan.--TimerKullanimi";
				PRODUCT_NAME = "$(TARGET_NAME)";
				SWIFT_VERSION = 3.0;
			};
			name = Release;
		};
/* End XCBuildConfiguration section */

/* Begin XCConfigurationList section */
		FF39131A1DD8548C00C37CFE /* Build configuration list for PBXProject "1-TimerKullanimi" */ = {
			isa = XCConfigurationList;
			buildConfigurations = (
				FF39132F1DD8548D00C37CFE /* Debug */,
				FF3913301DD8548D00C37CFE /* Release */,
			);
			defaultConfigurationIsVisible = 0;
			defaultConfigurationName = Release;
		};
		FF3913311DD8548D00C37CFE /* Build configuration list for PBXNativeTarget "1-TimerKullanimi" */ = {
			isa = XCConfigurationList;
			buildConfigurations = (
				FF3913321DD8548D00C37CFE /* Debug */,
				FF3913331DD8548D00C37CFE /* Release */,
			);
			defaultConfigurationIsVisible = 0;
		};
/* End XCConfigurationList section */
	};
	rootObject = FF3913171DD8548C00C37CFE /* Project object */;
}
