// !$*UTF8*$!
{
	archiveVersion = 1;
	classes = {
	};
	objectVersion = 46;
	objects = {

/* Begin PBXBuildFile section */
		63A759B81E2A923C00E24C6D /* signUp.swift in Sources */ = {isa = PBXBuildFile; fileRef = 63A759B71E2A923C00E24C6D /* signUp.swift */; };
		63B15EE51E2A3EB300356F21 /* AppDelegate.swift in Sources */ = {isa = PBXBuildFile; fileRef = 63B15EE41E2A3EB300356F21 /* AppDelegate.swift */; };
		63B15EE71E2A3EB300356F21 /* ViewController.swift in Sources */ = {isa = PBXBuildFile; fileRef = 63B15EE61E2A3EB300356F21 /* ViewController.swift */; };
		63B15EEA1E2A3EB300356F21 /* Main.storyboard in Resources */ = {isa = PBXBuildFile; fileRef = 63B15EE81E2A3EB300356F21 /* Main.storyboard */; };
		63B15EEC1E2A3EB300356F21 /* Assets.xcassets in Resources */ = {isa = PBXBuildFile; fileRef = 63B15EEB1E2A3EB300356F21 /* Assets.xcassets */; };
		63B15EEF1E2A3EB300356F21 /* LaunchScreen.storyboard in Resources */ = {isa = PBXBuildFile; fileRef = 63B15EED1E2A3EB300356F21 /* LaunchScreen.storyboard */; };
		63BDF3F41E3239C400810EE1 /* resim3.jpg in Resources */ = {isa = PBXBuildFile; fileRef = 63BDF3F31E3239C400810EE1 /* resim3.jpg */; };
		9613F3879A8DB6C61C253B1D /* Pods_storeAppLogin.framework in Frameworks */ = {isa = PBXBuildFile; fileRef = A709BD865344C4DE832FB104 /* Pods_storeAppLogin.framework */; };
/* End PBXBuildFile section */

/* Begin PBXFileReference section */
		37F9A4DD0083D70356E90C5D /* Pods-storeAppLogin.debug.xcconfig */ = {isa = PBXFileReference; includeInIndex = 1; lastKnownFileType = text.xcconfig; name = "Pods-storeAppLogin.debug.xcconfig"; path = "Pods/Target Support Files/Pods-storeAppLogin/Pods-storeAppLogin.debug.xcconfig"; sourceTree = "<group>"; };
		63A759B71E2A923C00E24C6D /* signUp.swift */ = {isa = PBXFileReference; fileEncoding = 4; lastKnownFileType = sourcecode.swift; name = signUp.swift; path = ../signUp.swift; sourceTree = "<group>"; };
		63B15EE11E2A3EB300356F21 /* storeAppLogin.app */ = {isa = PBXFileReference; explicitFileType = wrapper.application; includeInIndex = 0; path = storeAppLogin.app; sourceTree = BUILT_PRODUCTS_DIR; };
		63B15EE41E2A3EB300356F21 /* AppDelegate.swift */ = {isa = PBXFileReference; lastKnownFileType = sourcecode.swift; path = AppDelegate.swift; sourceTree = "<group>"; };
		63B15EE61E2A3EB300356F21 /* ViewController.swift */ = {isa = PBXFileReference; lastKnownFileType = sourcecode.swift; path = ViewController.swift; sourceTree = "<group>"; };
		63B15EE91E2A3EB300356F21 /* Base */ = {isa = PBXFileReference; lastKnownFileType = file.storyboard; name = Base; path = Base.lproj/Main.storyboard; sourceTree = "<group>"; };
		63B15EEB1E2A3EB300356F21 /* Assets.xcassets */ = {isa = PBXFileReference; lastKnownFileType = folder.assetcatalog; path = Assets.xcassets; sourceTree = "<group>"; };
		63B15EEE1E2A3EB300356F21 /* Base */ = {isa = PBXFileReference; lastKnownFileType = file.storyboard; name = Base; path = Base.lproj/LaunchScreen.storyboard; sourceTree = "<group>"; };
		63B15EF01E2A3EB300356F21 /* Info.plist */ = {isa = PBXFileReference; lastKnownFileType = text.plist.xml; path = Info.plist; sourceTree = "<group>"; };
		63BDF3F31E3239C400810EE1 /* resim3.jpg */ = {isa = PBXFileReference; lastKnownFileType = image.jpeg; path = resim3.jpg; sourceTree = "<group>"; };
		828F3EC31001B540BF29EFBB /* Pods-storeAppLogin.release.xcconfig */ = {isa = PBXFileReference; includeInIndex = 1; lastKnownFileType = text.xcconfig; name = "Pods-storeAppLogin.release.xcconfig"; path = "Pods/Target Support Files/Pods-storeAppLogin/Pods-storeAppLogin.release.xcconfig"; sourceTree = "<group>"; };
		A709BD865344C4DE832FB104 /* Pods_storeAppLogin.framework */ = {isa = PBXFileReference; explicitFileType = wrapper.framework; includeInIndex = 0; path = Pods_storeAppLogin.framework; sourceTree = BUILT_PRODUCTS_DIR; };
/* End PBXFileReference section */

/* Begin PBXFrameworksBuildPhase section */
		63B15EDE1E2A3EB300356F21 /* Frameworks */ = {
			isa = PBXFrameworksBuildPhase;
			buildActionMask = 2147483647;
			files = (
				9613F3879A8DB6C61C253B1D /* Pods_storeAppLogin.framework in Frameworks */,
			);
			runOnlyForDeploymentPostprocessing = 0;
		};
/* End PBXFrameworksBuildPhase section */

/* Begin PBXGroup section */
		63B15ED81E2A3EB300356F21 = {
			isa = PBXGroup;
			children = (
				63B15EE31E2A3EB300356F21 /* storeAppLogin */,
				63B15EE21E2A3EB300356F21 /* Products */,
				92C1B2EE903CCCAAE4E764E4 /* Pods */,
				A723491B815B6BD62156F487 /* Frameworks */,
			);
			sourceTree = "<group>";
		};
		63B15EE21E2A3EB300356F21 /* Products */ = {
			isa = PBXGroup;
			children = (
				63B15EE11E2A3EB300356F21 /* storeAppLogin.app */,
			);
			name = Products;
			sourceTree = "<group>";
		};
		63B15EE31E2A3EB300356F21 /* storeAppLogin */ = {
			isa = PBXGroup;
			children = (
				63BDF3F31E3239C400810EE1 /* resim3.jpg */,
				63A759B71E2A923C00E24C6D /* signUp.swift */,
				63B15EE41E2A3EB300356F21 /* AppDelegate.swift */,
				63B15EE61E2A3EB300356F21 /* ViewController.swift */,
				63B15EE81E2A3EB300356F21 /* Main.storyboard */,
				63B15EEB1E2A3EB300356F21 /* Assets.xcassets */,
				63B15EED1E2A3EB300356F21 /* LaunchScreen.storyboard */,
				63B15EF01E2A3EB300356F21 /* Info.plist */,
			);
			path = storeAppLogin;
			sourceTree = "<group>";
		};
		92C1B2EE903CCCAAE4E764E4 /* Pods */ = {
			isa = PBXGroup;
			children = (
				37F9A4DD0083D70356E90C5D /* Pods-storeAppLogin.debug.xcconfig */,
				828F3EC31001B540BF29EFBB /* Pods-storeAppLogin.release.xcconfig */,
			);
			name = Pods;
			sourceTree = "<group>";
		};
		A723491B815B6BD62156F487 /* Frameworks */ = {
			isa = PBXGroup;
			children = (
				A709BD865344C4DE832FB104 /* Pods_storeAppLogin.framework */,
			);
			name = Frameworks;
			sourceTree = "<group>";
		};
/* End PBXGroup section */

/* Begin PBXNativeTarget section */
		63B15EE01E2A3EB300356F21 /* storeAppLogin */ = {
			isa = PBXNativeTarget;
			buildConfigurationList = 63B15EF31E2A3EB300356F21 /* Build configuration list for PBXNativeTarget "storeAppLogin" */;
			buildPhases = (
				09EDC40E777BD1D724F804F6 /* [CP] Check Pods Manifest.lock */,
				63B15EDD1E2A3EB300356F21 /* Sources */,
				63B15EDE1E2A3EB300356F21 /* Frameworks */,
				63B15EDF1E2A3EB300356F21 /* Resources */,
				1CA757A7BEC447A274972440 /* [CP] Embed Pods Frameworks */,
				17E239D8B175A5F1173663E3 /* [CP] Copy Pods Resources */,
			);
			buildRules = (
			);
			dependencies = (
			);
			name = storeAppLogin;
			productName = storeAppLogin;
			productReference = 63B15EE11E2A3EB300356F21 /* storeAppLogin.app */;
			productType = "com.apple.product-type.application";
		};
/* End PBXNativeTarget section */

/* Begin PBXProject section */
		63B15ED91E2A3EB300356F21 /* Project object */ = {
			isa = PBXProject;
			attributes = {
				LastSwiftUpdateCheck = 0820;
				LastUpgradeCheck = 0820;
				ORGANIZATIONNAME = CesurMecnun;
				TargetAttributes = {
					63B15EE01E2A3EB300356F21 = {
						CreatedOnToolsVersion = 8.2.1;
						ProvisioningStyle = Automatic;
					};
				};
			};
			buildConfigurationList = 63B15EDC1E2A3EB300356F21 /* Build configuration list for PBXProject "storeAppLogin" */;
			compatibilityVersion = "Xcode 3.2";
			developmentRegion = English;
			hasScannedForEncodings = 0;
			knownRegions = (
				en,
				Base,
			);
			mainGroup = 63B15ED81E2A3EB300356F21;
			productRefGroup = 63B15EE21E2A3EB300356F21 /* Products */;
			projectDirPath = "";
			projectRoot = "";
			targets = (
				63B15EE01E2A3EB300356F21 /* storeAppLogin */,
			);
		};
/* End PBXProject section */

/* Begin PBXResourcesBuildPhase section */
		63B15EDF1E2A3EB300356F21 /* Resources */ = {
			isa = PBXResourcesBuildPhase;
			buildActionMask = 2147483647;
			files = (
				63BDF3F41E3239C400810EE1 /* resim3.jpg in Resources */,
				63B15EEF1E2A3EB300356F21 /* LaunchScreen.storyboard in Resources */,
				63B15EEC1E2A3EB300356F21 /* Assets.xcassets in Resources */,
				63B15EEA1E2A3EB300356F21 /* Main.storyboard in Resources */,
			);
			runOnlyForDeploymentPostprocessing = 0;
		};
/* End PBXResourcesBuildPhase section */

/* Begin PBXShellScriptBuildPhase section */
		09EDC40E777BD1D724F804F6 /* [CP] Check Pods Manifest.lock */ = {
			isa = PBXShellScriptBuildPhase;
			buildActionMask = 2147483647;
			files = (
			);
			inputPaths = (
			);
			name = "[CP] Check Pods Manifest.lock";
			outputPaths = (
			);
			runOnlyForDeploymentPostprocessing = 0;
			shellPath = /bin/sh;
			shellScript = "diff \"${PODS_ROOT}/../Podfile.lock\" \"${PODS_ROOT}/Manifest.lock\" > /dev/null\nif [ $? != 0 ] ; then\n    # print error to STDERR\n    echo \"error: The sandbox is not in sync with the Podfile.lock. Run 'pod install' or update your CocoaPods installation.\" >&2\n    exit 1\nfi\n";
			showEnvVarsInLog = 0;
		};
		17E239D8B175A5F1173663E3 /* [CP] Copy Pods Resources */ = {
			isa = PBXShellScriptBuildPhase;
			buildActionMask = 2147483647;
			files = (
			);
			inputPaths = (
			);
			name = "[CP] Copy Pods Resources";
			outputPaths = (
			);
			runOnlyForDeploymentPostprocessing = 0;
			shellPath = /bin/sh;
			shellScript = "\"${SRCROOT}/Pods/Target Support Files/Pods-storeAppLogin/Pods-storeAppLogin-resources.sh\"\n";
			showEnvVarsInLog = 0;
		};
		1CA757A7BEC447A274972440 /* [CP] Embed Pods Frameworks */ = {
			isa = PBXShellScriptBuildPhase;
			buildActionMask = 2147483647;
			files = (
			);
			inputPaths = (
			);
			name = "[CP] Embed Pods Frameworks";
			outputPaths = (
			);
			runOnlyForDeploymentPostprocessing = 0;
			shellPath = /bin/sh;
			shellScript = "\"${SRCROOT}/Pods/Target Support Files/Pods-storeAppLogin/Pods-storeAppLogin-frameworks.sh\"\n";
			showEnvVarsInLog = 0;
		};
/* End PBXShellScriptBuildPhase section */

/* Begin PBXSourcesBuildPhase section */
		63B15EDD1E2A3EB300356F21 /* Sources */ = {
			isa = PBXSourcesBuildPhase;
			buildActionMask = 2147483647;
			files = (
				63B15EE71E2A3EB300356F21 /* ViewController.swift in Sources */,
				63B15EE51E2A3EB300356F21 /* AppDelegate.swift in Sources */,
				63A759B81E2A923C00E24C6D /* signUp.swift in Sources */,
			);
			runOnlyForDeploymentPostprocessing = 0;
		};
/* End PBXSourcesBuildPhase section */

/* Begin PBXVariantGroup section */
		63B15EE81E2A3EB300356F21 /* Main.storyboard */ = {
			isa = PBXVariantGroup;
			children = (
				63B15EE91E2A3EB300356F21 /* Base */,
			);
			name = Main.storyboard;
			sourceTree = "<group>";
		};
		63B15EED1E2A3EB300356F21 /* LaunchScreen.storyboard */ = {
			isa = PBXVariantGroup;
			children = (
				63B15EEE1E2A3EB300356F21 /* Base */,
			);
			name = LaunchScreen.storyboard;
			sourceTree = "<group>";
		};
/* End PBXVariantGroup section */

/* Begin XCBuildConfiguration section */
		63B15EF11E2A3EB300356F21 /* Debug */ = {
			isa = XCBuildConfiguration;
			buildSettings = {
				ALWAYS_SEARCH_USER_PATHS = NO;
				CLANG_ANALYZER_NONNULL = YES;
				CLANG_CXX_LANGUAGE_STANDARD = "gnu++0x";
				CLANG_CXX_LIBRARY = "libc++";
				CLANG_ENABLE_MODULES = YES;
				CLANG_ENABLE_OBJC_ARC = YES;
				CLANG_WARN_BOOL_CONVERSION = YES;
				CLANG_WARN_CONSTANT_CONVERSION = YES;
				CLANG_WARN_DIRECT_OBJC_ISA_USAGE = YES_ERROR;
				CLANG_WARN_DOCUMENTATION_COMMENTS = YES;
				CLANG_WARN_EMPTY_BODY = YES;
				CLANG_WARN_ENUM_CONVERSION = YES;
				CLANG_WARN_INFINITE_RECURSION = YES;
				CLANG_WARN_INT_CONVERSION = YES;
				CLANG_WARN_OBJC_ROOT_CLASS = YES_ERROR;
				CLANG_WARN_SUSPICIOUS_MOVE = YES;
				CLANG_WARN_UNREACHABLE_CODE = YES;
				CLANG_WARN__DUPLICATE_METHOD_MATCH = YES;
				"CODE_SIGN_IDENTITY[sdk=iphoneos*]" = "iPhone Developer";
				COPY_PHASE_STRIP = NO;
				DEBUG_INFORMATION_FORMAT = dwarf;
				ENABLE_STRICT_OBJC_MSGSEND = YES;
				ENABLE_TESTABILITY = YES;
				GCC_C_LANGUAGE_STANDARD = gnu99;
				GCC_DYNAMIC_NO_PIC = NO;
				GCC_NO_COMMON_BLOCKS = YES;
				GCC_OPTIMIZATION_LEVEL = 0;
				GCC_PREPROCESSOR_DEFINITIONS = (
					"DEBUG=1",
					"$(inherited)",
				);
				GCC_WARN_64_TO_32_BIT_CONVERSION = YES;
				GCC_WARN_ABOUT_RETURN_TYPE = YES_ERROR;
				GCC_WARN_UNDECLARED_SELECTOR = YES;
				GCC_WARN_UNINITIALIZED_AUTOS = YES_AGGRESSIVE;
				GCC_WARN_UNUSED_FUNCTION = YES;
				GCC_WARN_UNUSED_VARIABLE = YES;
				IPHONEOS_DEPLOYMENT_TARGET = 10.2;
				MTL_ENABLE_DEBUG_INFO = YES;
				ONLY_ACTIVE_ARCH = YES;
				SDKROOT = iphoneos;
				SWIFT_ACTIVE_COMPILATION_CONDITIONS = DEBUG;
				SWIFT_OPTIMIZATION_LEVEL = "-Onone";
			};
			name = Debug;
		};
		63B15EF21E2A3EB300356F21 /* Release */ = {
			isa = XCBuildConfiguration;
			buildSettings = {
				ALWAYS_SEARCH_USER_PATHS = NO;
				CLANG_ANALYZER_NONNULL = YES;
				CLANG_CXX_LANGUAGE_STANDARD = "gnu++0x";
				CLANG_CXX_LIBRARY = "libc++";
				CLANG_ENABLE_MODULES = YES;
				CLANG_ENABLE_OBJC_ARC = YES;
				CLANG_WARN_BOOL_CONVERSION = YES;
				CLANG_WARN_CONSTANT_CONVERSION = YES;
				CLANG_WARN_DIRECT_OBJC_ISA_USAGE = YES_ERROR;
				CLANG_WARN_DOCUMENTATION_COMMENTS = YES;
				CLANG_WARN_EMPTY_BODY = YES;
				CLANG_WARN_ENUM_CONVERSION = YES;
				CLANG_WARN_INFINITE_RECURSION = YES;
				CLANG_WARN_INT_CONVERSION = YES;
				CLANG_WARN_OBJC_ROOT_CLASS = YES_ERROR;
				CLANG_WARN_SUSPICIOUS_MOVE = YES;
				CLANG_WARN_UNREACHABLE_CODE = YES;
				CLANG_WARN__DUPLICATE_METHOD_MATCH = YES;
				"CODE_SIGN_IDENTITY[sdk=iphoneos*]" = "iPhone Developer";
				COPY_PHASE_STRIP = NO;
				DEBUG_INFORMATION_FORMAT = "dwarf-with-dsym";
				ENABLE_NS_ASSERTIONS = NO;
				ENABLE_STRICT_OBJC_MSGSEND = YES;
				GCC_C_LANGUAGE_STANDARD = gnu99;
				GCC_NO_COMMON_BLOCKS = YES;
				GCC_WARN_64_TO_32_BIT_CONVERSION = YES;
				GCC_WARN_ABOUT_RETURN_TYPE = YES_ERROR;
				GCC_WARN_UNDECLARED_SELECTOR = YES;
				GCC_WARN_UNINITIALIZED_AUTOS = YES_AGGRESSIVE;
				GCC_WARN_UNUSED_FUNCTION = YES;
				GCC_WARN_UNUSED_VARIABLE = YES;
				IPHONEOS_DEPLOYMENT_TARGET = 10.2;
				MTL_ENABLE_DEBUG_INFO = NO;
				SDKROOT = iphoneos;
				SWIFT_OPTIMIZATION_LEVEL = "-Owholemodule";
				VALIDATE_PRODUCT = YES;
			};
			name = Release;
		};
		63B15EF41E2A3EB300356F21 /* Debug */ = {
			isa = XCBuildConfiguration;
			baseConfigurationReference = 37F9A4DD0083D70356E90C5D /* Pods-storeAppLogin.debug.xcconfig */;
			buildSettings = {
				ASSETCATALOG_COMPILER_APPICON_NAME = AppIcon;
				INFOPLIST_FILE = storeAppLogin/Info.plist;
				LD_RUNPATH_SEARCH_PATHS = "$(inherited) @executable_path/Frameworks";
				PRODUCT_BUNDLE_IDENTIFIER = com.wissen.storeAppLogin;
				PRODUCT_NAME = "$(TARGET_NAME)";
				SWIFT_VERSION = 3.0;
			};
			name = Debug;
		};
		63B15EF51E2A3EB300356F21 /* Release */ = {
			isa = XCBuildConfiguration;
			baseConfigurationReference = 828F3EC31001B540BF29EFBB /* Pods-storeAppLogin.release.xcconfig */;
			buildSettings = {
				ASSETCATALOG_COMPILER_APPICON_NAME = AppIcon;
				INFOPLIST_FILE = storeAppLogin/Info.plist;
				LD_RUNPATH_SEARCH_PATHS = "$(inherited) @executable_path/Frameworks";
				PRODUCT_BUNDLE_IDENTIFIER = com.wissen.storeAppLogin;
				PRODUCT_NAME = "$(TARGET_NAME)";
				SWIFT_VERSION = 3.0;
			};
			name = Release;
		};
/* End XCBuildConfiguration section */

/* Begin XCConfigurationList section */
		63B15EDC1E2A3EB300356F21 /* Build configuration list for PBXProject "storeAppLogin" */ = {
			isa = XCConfigurationList;
			buildConfigurations = (
				63B15EF11E2A3EB300356F21 /* Debug */,
				63B15EF21E2A3EB300356F21 /* Release */,
			);
			defaultConfigurationIsVisible = 0;
			defaultConfigurationName = Release;
		};
		63B15EF31E2A3EB300356F21 /* Build configuration list for PBXNativeTarget "storeAppLogin" */ = {
			isa = XCConfigurationList;
			buildConfigurations = (
				63B15EF41E2A3EB300356F21 /* Debug */,
				63B15EF51E2A3EB300356F21 /* Release */,
			);
			defaultConfigurationIsVisible = 0;
			defaultConfigurationName = Release;
		};
/* End XCConfigurationList section */
	};
	rootObject = 63B15ED91E2A3EB300356F21 /* Project object */;
}
